
Microsoft Visual Studio Solution File, Format Version 12.00
# Visual Studio Version 17
VisualStudioVersion = 17.11.35327.3
MinimumVisualStudioVersion = 10.0.40219.1
Project("{FAE04EC0-301F-11D3-BF4B-00C04F79EFBC}") = "AestusProject", "AestusProject\AestusProject.csproj", "{64C12446-E9B9-4E6A-9A48-9356EA7DF677}"
EndProject
Global
	GlobalSection(SolutionConfigurationPlatforms) = preSolution
		Debug|Any CPU = Debug|Any CPU
		Release|Any CPU = Release|Any CPU
	EndGlobalSection
	GlobalSection(ProjectConfigurationPlatforms) = postSolution
		{64C12446-E9B9-4E6A-9A48-9356EA7DF677}.Debug|Any CPU.ActiveCfg = Debug|Any CPU
		{64C12446-E9B9-4E6A-9A48-9356EA7DF677}.Debug|Any CPU.Build.0 = Debug|Any CPU
		{64C12446-E9B9-4E6A-9A48-9356EA7DF677}.Release|Any CPU.ActiveCfg = Release|Any CPU
		{64C12446-E9B9-4E6A-9A48-9356EA7DF677}.Release|Any CPU.Build.0 = Release|Any CPU
	EndGlobalSection
	GlobalSection(SolutionProperties) = preSolution
		HideSolutionNode = FALSE
	EndGlobalSection
	GlobalSection(ExtensibilityGlobals) = postSolution
		SolutionGuid = {EAAD3AFB-8BC0-444E-BB92-8311E78643BF}
	EndGlobalSection
EndGlobal
